
Microsoft Visual Studio Solution File, Format Version 12.00
# Visual Studio Version 16
VisualStudioVersion = 16.0.30104.148
MinimumVisualStudioVersion = 10.0.40219.1
Project("{FAE04EC0-301F-11D3-BF4B-00C04F79EFBC}") = "SCP-008-Cerberus", "SCP-008-Cerberus\SCP-008-Cerberus.csproj", "{8B7F59F5-BFEC-4238-95A5-8251CC077D50}"
EndProject
Global
	GlobalSection(SolutionConfigurationPlatforms) = preSolution
		Debug|Any CPU = Debug|Any CPU
		Release|Any CPU = Release|Any CPU
	EndGlobalSection
	GlobalSection(ProjectConfigurationPlatforms) = postSolution
		{8B7F59F5-BFEC-4238-95A5-8251CC077D50}.Debug|Any CPU.ActiveCfg = Debug|Any CPU
		{8B7F59F5-BFEC-4238-95A5-8251CC077D50}.Debug|Any CPU.Build.0 = Debug|Any CPU
		{8B7F59F5-BFEC-4238-95A5-8251CC077D50}.Release|Any CPU.ActiveCfg = Release|Any CPU
		{8B7F59F5-BFEC-4238-95A5-8251CC077D50}.Release|Any CPU.Build.0 = Release|Any CPU
	EndGlobalSection
	GlobalSection(SolutionProperties) = preSolution
		HideSolutionNode = FALSE
	EndGlobalSection
	GlobalSection(ExtensibilityGlobals) = postSolution
		SolutionGuid = {88711D0C-0C19-4323-95F8-EBFBDC1D5F61}
	EndGlobalSection
EndGlobal
